
Microsoft Visual Studio Solution File, Format Version 12.00
# Visual Studio 2012
Project("{888888A0-9F3D-457C-B088-3A5042F75D52}") = "igPairing", "IgPairing\igPairing.pyproj", "{179711AB-B200-4FA4-B43D-2D1EAE6892A0}"
	ProjectSection(ProjectDependencies) = postProject
		{3B1542FA-9D67-4AAF-93C2-C2D9CF2E1DA0} = {3B1542FA-9D67-4AAF-93C2-C2D9CF2E1DA0}
	EndProjectSection
EndProject
Project("{888888A0-9F3D-457C-B088-3A5042F75D52}") = "igTools", "IgTools\igTools.pyproj", "{3B1542FA-9D67-4AAF-93C2-C2D9CF2E1DA0}"
EndProject
Project("{2150E333-8FDC-42A3-9474-1A3956D46DE8}") = "Solution Items", "Solution Items", "{8487CDA5-E4E3-49CB-A836-718C457E2EE1}"
	ProjectSection(SolutionItems) = preProject
		.gitattributes = .gitattributes
		.gitignore = .gitignore
		README.md = README.md
	EndProjectSection
EndProject
Global
	GlobalSection(SolutionConfigurationPlatforms) = preSolution
		Debug|Any CPU = Debug|Any CPU
		Release|Any CPU = Release|Any CPU
	EndGlobalSection
	GlobalSection(ProjectConfigurationPlatforms) = postSolution
		{179711AB-B200-4FA4-B43D-2D1EAE6892A0}.Debug|Any CPU.ActiveCfg = Debug|Any CPU
		{179711AB-B200-4FA4-B43D-2D1EAE6892A0}.Debug|Any CPU.Build.0 = Debug|Any CPU
		{179711AB-B200-4FA4-B43D-2D1EAE6892A0}.Release|Any CPU.ActiveCfg = Release|Any CPU
		{179711AB-B200-4FA4-B43D-2D1EAE6892A0}.Release|Any CPU.Build.0 = Release|Any CPU
		{3B1542FA-9D67-4AAF-93C2-C2D9CF2E1DA0}.Debug|Any CPU.ActiveCfg = Debug|Any CPU
		{3B1542FA-9D67-4AAF-93C2-C2D9CF2E1DA0}.Debug|Any CPU.Build.0 = Debug|Any CPU
		{3B1542FA-9D67-4AAF-93C2-C2D9CF2E1DA0}.Release|Any CPU.ActiveCfg = Release|Any CPU
		{3B1542FA-9D67-4AAF-93C2-C2D9CF2E1DA0}.Release|Any CPU.Build.0 = Release|Any CPU
	EndGlobalSection
	GlobalSection(SolutionProperties) = preSolution
		HideSolutionNode = FALSE
	EndGlobalSection
EndGlobal
